
Microsoft Visual Studio Solution File, Format Version 12.00
# Visual Studio 15
VisualStudioVersion = 15.0.28010.2016
MinimumVisualStudioVersion = 10.0.40219.1
Project("{FAE04EC0-301F-11D3-BF4B-00C04F79EFBC}") = "VisitorTracker.Android", "VisitorTracker\VisitorTracker.Android\VisitorTracker.Android.csproj", "{A78A5E1F-8621-449E-A762-251A2B9110AB}"
EndProject
Project("{FAE04EC0-301F-11D3-BF4B-00C04F79EFBC}") = "VisitorTracker.iOS", "VisitorTracker\VisitorTracker.iOS\VisitorTracker.iOS.csproj", "{DBAA48F9-2AF1-418F-ABD0-36839BC3947A}"
EndProject
Project("{FAE04EC0-301F-11D3-BF4B-00C04F79EFBC}") = "VisitorTracker.UWP", "VisitorTracker\VisitorTracker.UWP\VisitorTracker.UWP.csproj", "{201321EE-0AA8-4E79-B070-2BB9CE72C0D1}"
EndProject
Project("{FAE04EC0-301F-11D3-BF4B-00C04F79EFBC}") = "VisitorTracker", "VisitorTracker\VisitorTracker\VisitorTracker.csproj", "{0DF96683-CEDA-4782-9985-1D494FAB60EA}"
EndProject
Global
	GlobalSection(SolutionConfigurationPlatforms) = preSolution
		Ad-Hoc|Any CPU = Ad-Hoc|Any CPU
		Ad-Hoc|ARM = Ad-Hoc|ARM
		Ad-Hoc|iPhone = Ad-Hoc|iPhone
		Ad-Hoc|iPhoneSimulator = Ad-Hoc|iPhoneSimulator
		Ad-Hoc|x64 = Ad-Hoc|x64
		Ad-Hoc|x86 = Ad-Hoc|x86
		AppStore|Any CPU = AppStore|Any CPU
		AppStore|ARM = AppStore|ARM
		AppStore|iPhone = AppStore|iPhone
		AppStore|iPhoneSimulator = AppStore|iPhoneSimulator
		AppStore|x64 = AppStore|x64
		AppStore|x86 = AppStore|x86
		Debug|Any CPU = Debug|Any CPU
		Debug|ARM = Debug|ARM
		Debug|iPhone = Debug|iPhone
		Debug|iPhoneSimulator = Debug|iPhoneSimulator
		Debug|x64 = Debug|x64
		Debug|x86 = Debug|x86
		Release|Any CPU = Release|Any CPU
		Release|ARM = Release|ARM
		Release|iPhone = Release|iPhone
		Release|iPhoneSimulator = Release|iPhoneSimulator
		Release|x64 = Release|x64
		Release|x86 = Release|x86
	EndGlobalSection
	GlobalSection(ProjectConfigurationPlatforms) = postSolution
		{A78A5E1F-8621-449E-A762-251A2B9110AB}.Ad-Hoc|Any CPU.ActiveCfg = Release|Any CPU
		{A78A5E1F-8621-449E-A762-251A2B9110AB}.Ad-Hoc|Any CPU.Build.0 = Release|Any CPU
		{A78A5E1F-8621-449E-A762-251A2B9110AB}.Ad-Hoc|Any CPU.Deploy.0 = Release|Any CPU
		{A78A5E1F-8621-449E-A762-251A2B9110AB}.Ad-Hoc|ARM.ActiveCfg = Release|Any CPU
		{A78A5E1F-8621-449E-A762-251A2B9110AB}.Ad-Hoc|ARM.Build.0 = Release|Any CPU
		{A78A5E1F-8621-449E-A762-251A2B9110AB}.Ad-Hoc|ARM.Deploy.0 = Release|Any CPU
		{A78A5E1F-8621-449E-A762-251A2B9110AB}.Ad-Hoc|iPhone.ActiveCfg = Release|Any CPU
		{A78A5E1F-8621-449E-A762-251A2B9110AB}.Ad-Hoc|iPhone.Build.0 = Release|Any CPU
		{A78A5E1F-8621-449E-A762-251A2B9110AB}.Ad-Hoc|iPhone.Deploy.0 = Release|Any CPU
		{A78A5E1F-8621-449E-A762-251A2B9110AB}.Ad-Hoc|iPhoneSimulator.ActiveCfg = Release|Any CPU
		{A78A5E1F-8621-449E-A762-251A2B9110AB}.Ad-Hoc|iPhoneSimulator.Build.0 = Release|Any CPU
		{A78A5E1F-8621-449E-A762-251A2B9110AB}.Ad-Hoc|iPhoneSimulator.Deploy.0 = Release|Any CPU
		{A78A5E1F-8621-449E-A762-251A2B9110AB}.Ad-Hoc|x64.ActiveCfg = Release|Any CPU
		{A78A5E1F-8621-449E-A762-251A2B9110AB}.Ad-Hoc|x64.Build.0 = Release|Any CPU
		{A78A5E1F-8621-449E-A762-251A2B9110AB}.Ad-Hoc|x64.Deploy.0 = Release|Any CPU
		{A78A5E1F-8621-449E-A762-251A2B9110AB}.Ad-Hoc|x86.ActiveCfg = Release|Any CPU
		{A78A5E1F-8621-449E-A762-251A2B9110AB}.Ad-Hoc|x86.Build.0 = Release|Any CPU
		{A78A5E1F-8621-449E-A762-251A2B9110AB}.Ad-Hoc|x86.Deploy.0 = Release|Any CPU
		{A78A5E1F-8621-449E-A762-251A2B9110AB}.AppStore|Any CPU.ActiveCfg = Release|Any CPU
		{A78A5E1F-8621-449E-A762-251A2B9110AB}.AppStore|Any CPU.Build.0 = Release|Any CPU
		{A78A5E1F-8621-449E-A762-251A2B9110AB}.AppStore|Any CPU.Deploy.0 = Release|Any CPU
		{A78A5E1F-8621-449E-A762-251A2B9110AB}.AppStore|ARM.ActiveCfg = Release|Any CPU
		{A78A5E1F-8621-449E-A762-251A2B9110AB}.AppStore|ARM.Build.0 = Release|Any CPU
		{A78A5E1F-8621-449E-A762-251A2B9110AB}.AppStore|ARM.Deploy.0 = Release|Any CPU
		{A78A5E1F-8621-449E-A762-251A2B9110AB}.AppStore|iPhone.ActiveCfg = Release|Any CPU
		{A78A5E1F-8621-449E-A762-251A2B9110AB}.AppStore|iPhone.Build.0 = Release|Any CPU
		{A78A5E1F-8621-449E-A762-251A2B9110AB}.AppStore|iPhone.Deploy.0 = Release|Any CPU
		{A78A5E1F-8621-449E-A762-251A2B9110AB}.AppStore|iPhoneSimulator.ActiveCfg = Release|Any CPU
		{A78A5E1F-8621-449E-A762-251A2B9110AB}.AppStore|iPhoneSimulator.Build.0 = Release|Any CPU
		{A78A5E1F-8621-449E-A762-251A2B9110AB}.AppStore|iPhoneSimulator.Deploy.0 = Release|Any CPU
		{A78A5E1F-8621-449E-A762-251A2B9110AB}.AppStore|x64.ActiveCfg = Release|Any CPU
		{A78A5E1F-8621-449E-A762-251A2B9110AB}.AppStore|x64.Build.0 = Release|Any CPU
		{A78A5E1F-8621-449E-A762-251A2B9110AB}.AppStore|x64.Deploy.0 = Release|Any CPU
		{A78A5E1F-8621-449E-A762-251A2B9110AB}.AppStore|x86.ActiveCfg = Release|Any CPU
		{A78A5E1F-8621-449E-A762-251A2B9110AB}.AppStore|x86.Build.0 = Release|Any CPU
		{A78A5E1F-8621-449E-A762-251A2B9110AB}.AppStore|x86.Deploy.0 = Release|Any CPU
		{A78A5E1F-8621-449E-A762-251A2B9110AB}.Debug|Any CPU.ActiveCfg = Debug|Any CPU
		{A78A5E1F-8621-449E-A762-251A2B9110AB}.Debug|Any CPU.Build.0 = Debug|Any CPU
		{A78A5E1F-8621-449E-A762-251A2B9110AB}.Debug|Any CPU.Deploy.0 = Debug|Any CPU
		{A78A5E1F-8621-449E-A762-251A2B9110AB}.Debug|ARM.ActiveCfg = Debug|Any CPU
		{A78A5E1F-8621-449E-A762-251A2B9110AB}.Debug|ARM.Build.0 = Debug|Any CPU
		{A78A5E1F-8621-449E-A762-251A2B9110AB}.Debug|ARM.Deploy.0 = Debug|Any CPU
		{A78A5E1F-8621-449E-A762-251A2B9110AB}.Debug|iPhone.ActiveCfg = Debug|Any CPU
		{A78A5E1F-8621-449E-A762-251A2B9110AB}.Debug|iPhone.Build.0 = Debug|Any CPU
		{A78A5E1F-8621-449E-A762-251A2B9110AB}.Debug|iPhone.Deploy.0 = Debug|Any CPU
		{A78A5E1F-8621-449E-A762-251A2B9110AB}.Debug|iPhoneSimulator.ActiveCfg = Debug|Any CPU
		{A78A5E1F-8621-449E-A762-251A2B9110AB}.Debug|iPhoneSimulator.Build.0 = Debug|Any CPU
		{A78A5E1F-8621-449E-A762-251A2B9110AB}.Debug|iPhoneSimulator.Deploy.0 = Debug|Any CPU
		{A78A5E1F-8621-449E-A762-251A2B9110AB}.Debug|x64.ActiveCfg = Debug|Any CPU
		{A78A5E1F-8621-449E-A762-251A2B9110AB}.Debug|x64.Build.0 = Debug|Any CPU
		{A78A5E1F-8621-449E-A762-251A2B9110AB}.Debug|x64.Deploy.0 = Debug|Any CPU
		{A78A5E1F-8621-449E-A762-251A2B9110AB}.Debug|x86.ActiveCfg = Debug|Any CPU
		{A78A5E1F-8621-449E-A762-251A2B9110AB}.Debug|x86.Build.0 = Debug|Any CPU
		{A78A5E1F-8621-449E-A762-251A2B9110AB}.Debug|x86.Deploy.0 = Debug|Any CPU
		{A78A5E1F-8621-449E-A762-251A2B9110AB}.Release|Any CPU.ActiveCfg = Release|Any CPU
		{A78A5E1F-8621-449E-A762-251A2B9110AB}.Release|Any CPU.Build.0 = Release|Any CPU
		{A78A5E1F-8621-449E-A762-251A2B9110AB}.Release|Any CPU.Deploy.0 = Release|Any CPU
		{A78A5E1F-8621-449E-A762-251A2B9110AB}.Release|ARM.ActiveCfg = Release|Any CPU
		{A78A5E1F-8621-449E-A762-251A2B9110AB}.Release|ARM.Build.0 = Release|Any CPU
		{A78A5E1F-8621-449E-A762-251A2B9110AB}.Release|ARM.Deploy.0 = Release|Any CPU
		{A78A5E1F-8621-449E-A762-251A2B9110AB}.Release|iPhone.ActiveCfg = Release|Any CPU
		{A78A5E1F-8621-449E-A762-251A2B9110AB}.Release|iPhone.Build.0 = Release|Any CPU
		{A78A5E1F-8621-449E-A762-251A2B9110AB}.Release|iPhone.Deploy.0 = Release|Any CPU
		{A78A5E1F-8621-449E-A762-251A2B9110AB}.Release|iPhoneSimulator.ActiveCfg = Release|Any CPU
		{A78A5E1F-8621-449E-A762-251A2B9110AB}.Release|iPhoneSimulator.Build.0 = Release|Any CPU
		{A78A5E1F-8621-449E-A762-251A2B9110AB}.Release|iPhoneSimulator.Deploy.0 = Release|Any CPU
		{A78A5E1F-8621-449E-A762-251A2B9110AB}.Release|x64.ActiveCfg = Release|Any CPU
		{A78A5E1F-8621-449E-A762-251A2B9110AB}.Release|x64.Build.0 = Release|Any CPU
		{A78A5E1F-8621-449E-A762-251A2B9110AB}.Release|x64.Deploy.0 = Release|Any CPU
		{A78A5E1F-8621-449E-A762-251A2B9110AB}.Release|x86.ActiveCfg = Release|Any CPU
		{A78A5E1F-8621-449E-A762-251A2B9110AB}.Release|x86.Build.0 = Release|Any CPU
		{A78A5E1F-8621-449E-A762-251A2B9110AB}.Release|x86.Deploy.0 = Release|Any CPU
		{DBAA48F9-2AF1-418F-ABD0-36839BC3947A}.Ad-Hoc|Any CPU.ActiveCfg = Ad-Hoc|iPhone
		{DBAA48F9-2AF1-418F-ABD0-36839BC3947A}.Ad-Hoc|Any CPU.Build.0 = Ad-Hoc|iPhone
		{DBAA48F9-2AF1-418F-ABD0-36839BC3947A}.Ad-Hoc|Any CPU.Deploy.0 = Ad-Hoc|iPhone
		{DBAA48F9-2AF1-418F-ABD0-36839BC3947A}.Ad-Hoc|ARM.ActiveCfg = Ad-Hoc|iPhone
		{DBAA48F9-2AF1-418F-ABD0-36839BC3947A}.Ad-Hoc|ARM.Build.0 = Ad-Hoc|iPhone
		{DBAA48F9-2AF1-418F-ABD0-36839BC3947A}.Ad-Hoc|ARM.Deploy.0 = Ad-Hoc|iPhone
		{DBAA48F9-2AF1-418F-ABD0-36839BC3947A}.Ad-Hoc|iPhone.ActiveCfg = Ad-Hoc|iPhone
		{DBAA48F9-2AF1-418F-ABD0-36839BC3947A}.Ad-Hoc|iPhone.Build.0 = Ad-Hoc|iPhone
		{DBAA48F9-2AF1-418F-ABD0-36839BC3947A}.Ad-Hoc|iPhone.Deploy.0 = Ad-Hoc|iPhone
		{DBAA48F9-2AF1-418F-ABD0-36839BC3947A}.Ad-Hoc|iPhoneSimulator.ActiveCfg = Ad-Hoc|iPhoneSimulator
		{DBAA48F9-2AF1-418F-ABD0-36839BC3947A}.Ad-Hoc|iPhoneSimulator.Build.0 = Ad-Hoc|iPhoneSimulator
		{DBAA48F9-2AF1-418F-ABD0-36839BC3947A}.Ad-Hoc|iPhoneSimulator.Deploy.0 = Ad-Hoc|iPhoneSimulator
		{DBAA48F9-2AF1-418F-ABD0-36839BC3947A}.Ad-Hoc|x64.ActiveCfg = Ad-Hoc|iPhone
		{DBAA48F9-2AF1-418F-ABD0-36839BC3947A}.Ad-Hoc|x64.Build.0 = Ad-Hoc|iPhone
		{DBAA48F9-2AF1-418F-ABD0-36839BC3947A}.Ad-Hoc|x64.Deploy.0 = Ad-Hoc|iPhone
		{DBAA48F9-2AF1-418F-ABD0-36839BC3947A}.Ad-Hoc|x86.ActiveCfg = Ad-Hoc|iPhone
		{DBAA48F9-2AF1-418F-ABD0-36839BC3947A}.Ad-Hoc|x86.Build.0 = Ad-Hoc|iPhone
		{DBAA48F9-2AF1-418F-ABD0-36839BC3947A}.Ad-Hoc|x86.Deploy.0 = Ad-Hoc|iPhone
		{DBAA48F9-2AF1-418F-ABD0-36839BC3947A}.AppStore|Any CPU.ActiveCfg = AppStore|iPhone
		{DBAA48F9-2AF1-418F-ABD0-36839BC3947A}.AppStore|Any CPU.Build.0 = AppStore|iPhone
		{DBAA48F9-2AF1-418F-ABD0-36839BC3947A}.AppStore|Any CPU.Deploy.0 = AppStore|iPhone
		{DBAA48F9-2AF1-418F-ABD0-36839BC3947A}.AppStore|ARM.ActiveCfg = AppStore|iPhone
		{DBAA48F9-2AF1-418F-ABD0-36839BC3947A}.AppStore|ARM.Build.0 = AppStore|iPhone
		{DBAA48F9-2AF1-418F-ABD0-36839BC3947A}.AppStore|ARM.Deploy.0 = AppStore|iPhone
		{DBAA48F9-2AF1-418F-ABD0-36839BC3947A}.AppStore|iPhone.ActiveCfg = AppStore|iPhone
		{DBAA48F9-2AF1-418F-ABD0-36839BC3947A}.AppStore|iPhone.Build.0 = AppStore|iPhone
		{DBAA48F9-2AF1-418F-ABD0-36839BC3947A}.AppStore|iPhone.Deploy.0 = AppStore|iPhone
		{DBAA48F9-2AF1-418F-ABD0-36839BC3947A}.AppStore|iPhoneSimulator.ActiveCfg = AppStore|iPhoneSimulator
		{DBAA48F9-2AF1-418F-ABD0-36839BC3947A}.AppStore|iPhoneSimulator.Build.0 = AppStore|iPhoneSimulator
		{DBAA48F9-2AF1-418F-ABD0-36839BC3947A}.AppStore|iPhoneSimulator.Deploy.0 = AppStore|iPhoneSimulator
		{DBAA48F9-2AF1-418F-ABD0-36839BC3947A}.AppStore|x64.ActiveCfg = AppStore|iPhone
		{DBAA48F9-2AF1-418F-ABD0-36839BC3947A}.AppStore|x64.Build.0 = AppStore|iPhone
		{DBAA48F9-2AF1-418F-ABD0-36839BC3947A}.AppStore|x64.Deploy.0 = AppStore|iPhone
		{DBAA48F9-2AF1-418F-ABD0-36839BC3947A}.AppStore|x86.ActiveCfg = AppStore|iPhone
		{DBAA48F9-2AF1-418F-ABD0-36839BC3947A}.AppStore|x86.Build.0 = AppStore|iPhone
		{DBAA48F9-2AF1-418F-ABD0-36839BC3947A}.AppStore|x86.Deploy.0 = AppStore|iPhone
		{DBAA48F9-2AF1-418F-ABD0-36839BC3947A}.Debug|Any CPU.ActiveCfg = Debug|iPhoneSimulator
		{DBAA48F9-2AF1-418F-ABD0-36839BC3947A}.Debug|Any CPU.Build.0 = Debug|iPhoneSimulator
		{DBAA48F9-2AF1-418F-ABD0-36839BC3947A}.Debug|Any CPU.Deploy.0 = Debug|iPhoneSimulator
		{DBAA48F9-2AF1-418F-ABD0-36839BC3947A}.Debug|ARM.ActiveCfg = Debug|iPhone
		{DBAA48F9-2AF1-418F-ABD0-36839BC3947A}.Debug|ARM.Build.0 = Debug|iPhone
		{DBAA48F9-2AF1-418F-ABD0-36839BC3947A}.Debug|ARM.Deploy.0 = Debug|iPhone
		{DBAA48F9-2AF1-418F-ABD0-36839BC3947A}.Debug|iPhone.ActiveCfg = Debug|iPhone
		{DBAA48F9-2AF1-418F-ABD0-36839BC3947A}.Debug|iPhone.Build.0 = Debug|iPhone
		{DBAA48F9-2AF1-418F-ABD0-36839BC3947A}.Debug|iPhone.Deploy.0 = Debug|iPhone
		{DBAA48F9-2AF1-418F-ABD0-36839BC3947A}.Debug|iPhoneSimulator.ActiveCfg = Debug|iPhoneSimulator
		{DBAA48F9-2AF1-418F-ABD0-36839BC3947A}.Debug|iPhoneSimulator.Build.0 = Debug|iPhoneSimulator
		{DBAA48F9-2AF1-418F-ABD0-36839BC3947A}.Debug|iPhoneSimulator.Deploy.0 = Debug|iPhoneSimulator
		{DBAA48F9-2AF1-418F-ABD0-36839BC3947A}.Debug|x64.ActiveCfg = Debug|iPhone
		{DBAA48F9-2AF1-418F-ABD0-36839BC3947A}.Debug|x64.Build.0 = Debug|iPhone
		{DBAA48F9-2AF1-418F-ABD0-36839BC3947A}.Debug|x64.Deploy.0 = Debug|iPhone
		{DBAA48F9-2AF1-418F-ABD0-36839BC3947A}.Debug|x86.ActiveCfg = Debug|iPhone
		{DBAA48F9-2AF1-418F-ABD0-36839BC3947A}.Debug|x86.Build.0 = Debug|iPhone
		{DBAA48F9-2AF1-418F-ABD0-36839BC3947A}.Debug|x86.Deploy.0 = Debug|iPhone
		{DBAA48F9-2AF1-418F-ABD0-36839BC3947A}.Release|Any CPU.ActiveCfg = Release|iPhone
		{DBAA48F9-2AF1-418F-ABD0-36839BC3947A}.Release|Any CPU.Build.0 = Release|iPhone
		{DBAA48F9-2AF1-418F-ABD0-36839BC3947A}.Release|Any CPU.Deploy.0 = Release|iPhone
		{DBAA48F9-2AF1-418F-ABD0-36839BC3947A}.Release|ARM.ActiveCfg = Release|iPhone
		{DBAA48F9-2AF1-418F-ABD0-36839BC3947A}.Release|ARM.Build.0 = Release|iPhone
		{DBAA48F9-2AF1-418F-ABD0-36839BC3947A}.Release|ARM.Deploy.0 = Release|iPhone
		{DBAA48F9-2AF1-418F-ABD0-36839BC3947A}.Release|iPhone.ActiveCfg = Release|iPhone
		{DBAA48F9-2AF1-418F-ABD0-36839BC3947A}.Release|iPhone.Build.0 = Release|iPhone
		{DBAA48F9-2AF1-418F-ABD0-36839BC3947A}.Release|iPhone.Deploy.0 = Release|iPhone
		{DBAA48F9-2AF1-418F-ABD0-36839BC3947A}.Release|iPhoneSimulator.ActiveCfg = Release|iPhoneSimulator
		{DBAA48F9-2AF1-418F-ABD0-36839BC3947A}.Release|iPhoneSimulator.Build.0 = Release|iPhoneSimulator
		{DBAA48F9-2AF1-418F-ABD0-36839BC3947A}.Release|iPhoneSimulator.Deploy.0 = Release|iPhoneSimulator
		{DBAA48F9-2AF1-418F-ABD0-36839BC3947A}.Release|x64.ActiveCfg = Release|iPhone
		{DBAA48F9-2AF1-418F-ABD0-36839BC3947A}.Release|x64.Build.0 = Release|iPhone
		{DBAA48F9-2AF1-418F-ABD0-36839BC3947A}.Release|x64.Deploy.0 = Release|iPhone
		{DBAA48F9-2AF1-418F-ABD0-36839BC3947A}.Release|x86.ActiveCfg = Release|iPhone
		{DBAA48F9-2AF1-418F-ABD0-36839BC3947A}.Release|x86.Build.0 = Release|iPhone
		{DBAA48F9-2AF1-418F-ABD0-36839BC3947A}.Release|x86.Deploy.0 = Release|iPhone
		{201321EE-0AA8-4E79-B070-2BB9CE72C0D1}.Ad-Hoc|Any CPU.ActiveCfg = Release|x86
		{201321EE-0AA8-4E79-B070-2BB9CE72C0D1}.Ad-Hoc|Any CPU.Build.0 = Release|x86
		{201321EE-0AA8-4E79-B070-2BB9CE72C0D1}.Ad-Hoc|Any CPU.Deploy.0 = Release|x86
		{201321EE-0AA8-4E79-B070-2BB9CE72C0D1}.Ad-Hoc|ARM.ActiveCfg = Release|ARM
		{201321EE-0AA8-4E79-B070-2BB9CE72C0D1}.Ad-Hoc|ARM.Build.0 = Release|ARM
		{201321EE-0AA8-4E79-B070-2BB9CE72C0D1}.Ad-Hoc|ARM.Deploy.0 = Release|ARM
		{201321EE-0AA8-4E79-B070-2BB9CE72C0D1}.Ad-Hoc|iPhone.ActiveCfg = Release|x86
		{201321EE-0AA8-4E79-B070-2BB9CE72C0D1}.Ad-Hoc|iPhone.Build.0 = Release|x86
		{201321EE-0AA8-4E79-B070-2BB9CE72C0D1}.Ad-Hoc|iPhone.Deploy.0 = Release|x86
		{201321EE-0AA8-4E79-B070-2BB9CE72C0D1}.Ad-Hoc|iPhoneSimulator.ActiveCfg = Release|x86
		{201321EE-0AA8-4E79-B070-2BB9CE72C0D1}.Ad-Hoc|iPhoneSimulator.Build.0 = Release|x86
		{201321EE-0AA8-4E79-B070-2BB9CE72C0D1}.Ad-Hoc|iPhoneSimulator.Deploy.0 = Release|x86
		{201321EE-0AA8-4E79-B070-2BB9CE72C0D1}.Ad-Hoc|x64.ActiveCfg = Release|x64
		{201321EE-0AA8-4E79-B070-2BB9CE72C0D1}.Ad-Hoc|x64.Build.0 = Release|x64
		{201321EE-0AA8-4E79-B070-2BB9CE72C0D1}.Ad-Hoc|x64.Deploy.0 = Release|x64
		{201321EE-0AA8-4E79-B070-2BB9CE72C0D1}.Ad-Hoc|x86.ActiveCfg = Release|x86
		{201321EE-0AA8-4E79-B070-2BB9CE72C0D1}.Ad-Hoc|x86.Build.0 = Release|x86
		{201321EE-0AA8-4E79-B070-2BB9CE72C0D1}.Ad-Hoc|x86.Deploy.0 = Release|x86
		{201321EE-0AA8-4E79-B070-2BB9CE72C0D1}.AppStore|Any CPU.ActiveCfg = Release|x86
		{201321EE-0AA8-4E79-B070-2BB9CE72C0D1}.AppStore|Any CPU.Build.0 = Release|x86
		{201321EE-0AA8-4E79-B070-2BB9CE72C0D1}.AppStore|Any CPU.Deploy.0 = Release|x86
		{201321EE-0AA8-4E79-B070-2BB9CE72C0D1}.AppStore|ARM.ActiveCfg = Release|ARM
		{201321EE-0AA8-4E79-B070-2BB9CE72C0D1}.AppStore|ARM.Build.0 = Release|ARM
		{201321EE-0AA8-4E79-B070-2BB9CE72C0D1}.AppStore|ARM.Deploy.0 = Release|ARM
		{201321EE-0AA8-4E79-B070-2BB9CE72C0D1}.AppStore|iPhone.ActiveCfg = Release|x86
		{201321EE-0AA8-4E79-B070-2BB9CE72C0D1}.AppStore|iPhone.Build.0 = Release|x86
		{201321EE-0AA8-4E79-B070-2BB9CE72C0D1}.AppStore|iPhone.Deploy.0 = Release|x86
		{201321EE-0AA8-4E79-B070-2BB9CE72C0D1}.AppStore|iPhoneSimulator.ActiveCfg = Release|x86
		{201321EE-0AA8-4E79-B070-2BB9CE72C0D1}.AppStore|iPhoneSimulator.Build.0 = Release|x86
		{201321EE-0AA8-4E79-B070-2BB9CE72C0D1}.AppStore|iPhoneSimulator.Deploy.0 = Release|x86
		{201321EE-0AA8-4E79-B070-2BB9CE72C0D1}.AppStore|x64.ActiveCfg = Release|x64
		{201321EE-0AA8-4E79-B070-2BB9CE72C0D1}.AppStore|x64.Build.0 = Release|x64
		{201321EE-0AA8-4E79-B070-2BB9CE72C0D1}.AppStore|x64.Deploy.0 = Release|x64
		{201321EE-0AA8-4E79-B070-2BB9CE72C0D1}.AppStore|x86.ActiveCfg = Release|x86
		{201321EE-0AA8-4E79-B070-2BB9CE72C0D1}.AppStore|x86.Build.0 = Release|x86
		{201321EE-0AA8-4E79-B070-2BB9CE72C0D1}.AppStore|x86.Deploy.0 = Release|x86
		{201321EE-0AA8-4E79-B070-2BB9CE72C0D1}.Debug|Any CPU.ActiveCfg = Debug|x86
		{201321EE-0AA8-4E79-B070-2BB9CE72C0D1}.Debug|Any CPU.Build.0 = Debug|x86
		{201321EE-0AA8-4E79-B070-2BB9CE72C0D1}.Debug|Any CPU.Deploy.0 = Debug|x86
		{201321EE-0AA8-4E79-B070-2BB9CE72C0D1}.Debug|ARM.ActiveCfg = Debug|ARM
		{201321EE-0AA8-4E79-B070-2BB9CE72C0D1}.Debug|ARM.Build.0 = Debug|ARM
		{201321EE-0AA8-4E79-B070-2BB9CE72C0D1}.Debug|ARM.Deploy.0 = Debug|ARM
		{201321EE-0AA8-4E79-B070-2BB9CE72C0D1}.Debug|iPhone.ActiveCfg = Debug|x86
		{201321EE-0AA8-4E79-B070-2BB9CE72C0D1}.Debug|iPhone.Build.0 = Debug|x86
		{201321EE-0AA8-4E79-B070-2BB9CE72C0D1}.Debug|iPhone.Deploy.0 = Debug|x86
		{201321EE-0AA8-4E79-B070-2BB9CE72C0D1}.Debug|iPhoneSimulator.ActiveCfg = Debug|x86
		{201321EE-0AA8-4E79-B070-2BB9CE72C0D1}.Debug|iPhoneSimulator.Build.0 = Debug|x86
		{201321EE-0AA8-4E79-B070-2BB9CE72C0D1}.Debug|iPhoneSimulator.Deploy.0 = Debug|x86
		{201321EE-0AA8-4E79-B070-2BB9CE72C0D1}.Debug|x64.ActiveCfg = Debug|x64
		{201321EE-0AA8-4E79-B070-2BB9CE72C0D1}.Debug|x64.Build.0 = Debug|x64
		{201321EE-0AA8-4E79-B070-2BB9CE72C0D1}.Debug|x64.Deploy.0 = Debug|x64
		{201321EE-0AA8-4E79-B070-2BB9CE72C0D1}.Debug|x86.ActiveCfg = Debug|x86
		{201321EE-0AA8-4E79-B070-2BB9CE72C0D1}.Debug|x86.Build.0 = Debug|x86
		{201321EE-0AA8-4E79-B070-2BB9CE72C0D1}.Debug|x86.Deploy.0 = Debug|x86
		{201321EE-0AA8-4E79-B070-2BB9CE72C0D1}.Release|Any CPU.ActiveCfg = Release|x86
		{201321EE-0AA8-4E79-B070-2BB9CE72C0D1}.Release|Any CPU.Build.0 = Release|x86
		{201321EE-0AA8-4E79-B070-2BB9CE72C0D1}.Release|Any CPU.Deploy.0 = Release|x86
		{201321EE-0AA8-4E79-B070-2BB9CE72C0D1}.Release|ARM.ActiveCfg = Release|ARM
		{201321EE-0AA8-4E79-B070-2BB9CE72C0D1}.Release|ARM.Build.0 = Release|ARM
		{201321EE-0AA8-4E79-B070-2BB9CE72C0D1}.Release|ARM.Deploy.0 = Release|ARM
		{201321EE-0AA8-4E79-B070-2BB9CE72C0D1}.Release|iPhone.ActiveCfg = Release|x86
		{201321EE-0AA8-4E79-B070-2BB9CE72C0D1}.Release|iPhone.Build.0 = Release|x86
		{201321EE-0AA8-4E79-B070-2BB9CE72C0D1}.Release|iPhone.Deploy.0 = Release|x86
		{201321EE-0AA8-4E79-B070-2BB9CE72C0D1}.Release|iPhoneSimulator.ActiveCfg = Release|x86
		{201321EE-0AA8-4E79-B070-2BB9CE72C0D1}.Release|iPhoneSimulator.Build.0 = Release|x86
		{201321EE-0AA8-4E79-B070-2BB9CE72C0D1}.Release|iPhoneSimulator.Deploy.0 = Release|x86
		{201321EE-0AA8-4E79-B070-2BB9CE72C0D1}.Release|x64.ActiveCfg = Release|x64
		{201321EE-0AA8-4E79-B070-2BB9CE72C0D1}.Release|x64.Build.0 = Release|x64
		{201321EE-0AA8-4E79-B070-2BB9CE72C0D1}.Release|x64.Deploy.0 = Release|x64
		{201321EE-0AA8-4E79-B070-2BB9CE72C0D1}.Release|x86.ActiveCfg = Release|x86
		{201321EE-0AA8-4E79-B070-2BB9CE72C0D1}.Release|x86.Build.0 = Release|x86
		{201321EE-0AA8-4E79-B070-2BB9CE72C0D1}.Release|x86.Deploy.0 = Release|x86
		{0DF96683-CEDA-4782-9985-1D494FAB60EA}.Ad-Hoc|Any CPU.ActiveCfg = Debug|Any CPU
		{0DF96683-CEDA-4782-9985-1D494FAB60EA}.Ad-Hoc|Any CPU.Build.0 = Debug|Any CPU
		{0DF96683-CEDA-4782-9985-1D494FAB60EA}.Ad-Hoc|Any CPU.Deploy.0 = Debug|Any CPU
		{0DF96683-CEDA-4782-9985-1D494FAB60EA}.Ad-Hoc|ARM.ActiveCfg = Debug|Any CPU
		{0DF96683-CEDA-4782-9985-1D494FAB60EA}.Ad-Hoc|ARM.Build.0 = Debug|Any CPU
		{0DF96683-CEDA-4782-9985-1D494FAB60EA}.Ad-Hoc|ARM.Deploy.0 = Debug|Any CPU
		{0DF96683-CEDA-4782-9985-1D494FAB60EA}.Ad-Hoc|iPhone.ActiveCfg = Debug|Any CPU
		{0DF96683-CEDA-4782-9985-1D494FAB60EA}.Ad-Hoc|iPhone.Build.0 = Debug|Any CPU
		{0DF96683-CEDA-4782-9985-1D494FAB60EA}.Ad-Hoc|iPhone.Deploy.0 = Debug|Any CPU
		{0DF96683-CEDA-4782-9985-1D494FAB60EA}.Ad-Hoc|iPhoneSimulator.ActiveCfg = Debug|Any CPU
		{0DF96683-CEDA-4782-9985-1D494FAB60EA}.Ad-Hoc|iPhoneSimulator.Build.0 = Debug|Any CPU
		{0DF96683-CEDA-4782-9985-1D494FAB60EA}.Ad-Hoc|iPhoneSimulator.Deploy.0 = Debug|Any CPU
		{0DF96683-CEDA-4782-9985-1D494FAB60EA}.Ad-Hoc|x64.ActiveCfg = Debug|Any CPU
		{0DF96683-CEDA-4782-9985-1D494FAB60EA}.Ad-Hoc|x64.Build.0 = Debug|Any CPU
		{0DF96683-CEDA-4782-9985-1D494FAB60EA}.Ad-Hoc|x64.Deploy.0 = Debug|Any CPU
		{0DF96683-CEDA-4782-9985-1D494FAB60EA}.Ad-Hoc|x86.ActiveCfg = Debug|Any CPU
		{0DF96683-CEDA-4782-9985-1D494FAB60EA}.Ad-Hoc|x86.Build.0 = Debug|Any CPU
		{0DF96683-CEDA-4782-9985-1D494FAB60EA}.Ad-Hoc|x86.Deploy.0 = Debug|Any CPU
		{0DF96683-CEDA-4782-9985-1D494FAB60EA}.AppStore|Any CPU.ActiveCfg = Debug|Any CPU
		{0DF96683-CEDA-4782-9985-1D494FAB60EA}.AppStore|Any CPU.Build.0 = Debug|Any CPU
		{0DF96683-CEDA-4782-9985-1D494FAB60EA}.AppStore|Any CPU.Deploy.0 = Debug|Any CPU
		{0DF96683-CEDA-4782-9985-1D494FAB60EA}.AppStore|ARM.ActiveCfg = Debug|Any CPU
		{0DF96683-CEDA-4782-9985-1D494FAB60EA}.AppStore|ARM.Build.0 = Debug|Any CPU
		{0DF96683-CEDA-4782-9985-1D494FAB60EA}.AppStore|ARM.Deploy.0 = Debug|Any CPU
		{0DF96683-CEDA-4782-9985-1D494FAB60EA}.AppStore|iPhone.ActiveCfg = Debug|Any CPU
		{0DF96683-CEDA-4782-9985-1D494FAB60EA}.AppStore|iPhone.Build.0 = Debug|Any CPU
		{0DF96683-CEDA-4782-9985-1D494FAB60EA}.AppStore|iPhone.Deploy.0 = Debug|Any CPU
		{0DF96683-CEDA-4782-9985-1D494FAB60EA}.AppStore|iPhoneSimulator.ActiveCfg = Debug|Any CPU
		{0DF96683-CEDA-4782-9985-1D494FAB60EA}.AppStore|iPhoneSimulator.Build.0 = Debug|Any CPU
		{0DF96683-CEDA-4782-9985-1D494FAB60EA}.AppStore|iPhoneSimulator.Deploy.0 = Debug|Any CPU
		{0DF96683-CEDA-4782-9985-1D494FAB60EA}.AppStore|x64.ActiveCfg = Debug|Any CPU
		{0DF96683-CEDA-4782-9985-1D494FAB60EA}.AppStore|x64.Build.0 = Debug|Any CPU
		{0DF96683-CEDA-4782-9985-1D494FAB60EA}.AppStore|x64.Deploy.0 = Debug|Any CPU
		{0DF96683-CEDA-4782-9985-1D494FAB60EA}.AppStore|x86.ActiveCfg = Debug|Any CPU
		{0DF96683-CEDA-4782-9985-1D494FAB60EA}.AppStore|x86.Build.0 = Debug|Any CPU
		{0DF96683-CEDA-4782-9985-1D494FAB60EA}.AppStore|x86.Deploy.0 = Debug|Any CPU
		{0DF96683-CEDA-4782-9985-1D494FAB60EA}.Debug|Any CPU.ActiveCfg = Debug|Any CPU
		{0DF96683-CEDA-4782-9985-1D494FAB60EA}.Debug|Any CPU.Build.0 = Debug|Any CPU
		{0DF96683-CEDA-4782-9985-1D494FAB60EA}.Debug|Any CPU.Deploy.0 = Debug|Any CPU
		{0DF96683-CEDA-4782-9985-1D494FAB60EA}.Debug|ARM.ActiveCfg = Debug|Any CPU
		{0DF96683-CEDA-4782-9985-1D494FAB60EA}.Debug|ARM.Build.0 = Debug|Any CPU
		{0DF96683-CEDA-4782-9985-1D494FAB60EA}.Debug|ARM.Deploy.0 = Debug|Any CPU
		{0DF96683-CEDA-4782-9985-1D494FAB60EA}.Debug|iPhone.ActiveCfg = Debug|Any CPU
		{0DF96683-CEDA-4782-9985-1D494FAB60EA}.Debug|iPhone.Build.0 = Debug|Any CPU
		{0DF96683-CEDA-4782-9985-1D494FAB60EA}.Debug|iPhone.Deploy.0 = Debug|Any CPU
		{0DF96683-CEDA-4782-9985-1D494FAB60EA}.Debug|iPhoneSimulator.ActiveCfg = Debug|Any CPU
		{0DF96683-CEDA-4782-9985-1D494FAB60EA}.Debug|iPhoneSimulator.Build.0 = Debug|Any CPU
		{0DF96683-CEDA-4782-9985-1D494FAB60EA}.Debug|iPhoneSimulator.Deploy.0 = Debug|Any CPU
		{0DF96683-CEDA-4782-9985-1D494FAB60EA}.Debug|x64.ActiveCfg = Debug|Any CPU
		{0DF96683-CEDA-4782-9985-1D494FAB60EA}.Debug|x64.Build.0 = Debug|Any CPU
		{0DF96683-CEDA-4782-9985-1D494FAB60EA}.Debug|x64.Deploy.0 = Debug|Any CPU
		{0DF96683-CEDA-4782-9985-1D494FAB60EA}.Debug|x86.ActiveCfg = Debug|Any CPU
		{0DF96683-CEDA-4782-9985-1D494FAB60EA}.Debug|x86.Build.0 = Debug|Any CPU
		{0DF96683-CEDA-4782-9985-1D494FAB60EA}.Debug|x86.Deploy.0 = Debug|Any CPU
		{0DF96683-CEDA-4782-9985-1D494FAB60EA}.Release|Any CPU.ActiveCfg = Release|Any CPU
		{0DF96683-CEDA-4782-9985-1D494FAB60EA}.Release|Any CPU.Build.0 = Release|Any CPU
		{0DF96683-CEDA-4782-9985-1D494FAB60EA}.Release|Any CPU.Deploy.0 = Release|Any CPU
		{0DF96683-CEDA-4782-9985-1D494FAB60EA}.Release|ARM.ActiveCfg = Release|Any CPU
		{0DF96683-CEDA-4782-9985-1D494FAB60EA}.Release|ARM.Build.0 = Release|Any CPU
		{0DF96683-CEDA-4782-9985-1D494FAB60EA}.Release|ARM.Deploy.0 = Release|Any CPU
		{0DF96683-CEDA-4782-9985-1D494FAB60EA}.Release|iPhone.ActiveCfg = Release|Any CPU
		{0DF96683-CEDA-4782-9985-1D494FAB60EA}.Release|iPhone.Build.0 = Release|Any CPU
		{0DF96683-CEDA-4782-9985-1D494FAB60EA}.Release|iPhone.Deploy.0 = Release|Any CPU
		{0DF96683-CEDA-4782-9985-1D494FAB60EA}.Release|iPhoneSimulator.ActiveCfg = Release|Any CPU
		{0DF96683-CEDA-4782-9985-1D494FAB60EA}.Release|iPhoneSimulator.Build.0 = Release|Any CPU
		{0DF96683-CEDA-4782-9985-1D494FAB60EA}.Release|iPhoneSimulator.Deploy.0 = Release|Any CPU
		{0DF96683-CEDA-4782-9985-1D494FAB60EA}.Release|x64.ActiveCfg = Release|Any CPU
		{0DF96683-CEDA-4782-9985-1D494FAB60EA}.Release|x64.Build.0 = Release|Any CPU
		{0DF96683-CEDA-4782-9985-1D494FAB60EA}.Release|x64.Deploy.0 = Release|Any CPU
		{0DF96683-CEDA-4782-9985-1D494FAB60EA}.Release|x86.ActiveCfg = Release|Any CPU
		{0DF96683-CEDA-4782-9985-1D494FAB60EA}.Release|x86.Build.0 = Release|Any CPU
		{0DF96683-CEDA-4782-9985-1D494FAB60EA}.Release|x86.Deploy.0 = Release|Any CPU
	EndGlobalSection
	GlobalSection(SolutionProperties) = preSolution
		HideSolutionNode = FALSE
	EndGlobalSection
	GlobalSection(ExtensibilityGlobals) = postSolution
		SolutionGuid = {FEA398F0-D977-40BD-90BF-62278033CF29}
	EndGlobalSection
EndGlobal
